{
  "originHash" : "bc3361717c0cf5fb9f2105e1f0e79c1a95d99726fdad2bf03ed27a161f2c2d1b",
  "pins" : [
    {
      "identity" : "mantis",
      "kind" : "remoteSourceControl",
      "location" : "https://github.com/guoyingtao/Mantis",
      "state" : {
        "revision" : "cb0a45a82700e6a0d88c8693e2c111cd303b01ed",
        "version" : "2.26.0"
      }
    }
  ],
  "version" : 3
}
